// !$*UTF8*$!
{
	archiveVersion = 1;
	classes = {
	};
	objectVersion = 46;
	objects = {

/* Begin PBXBuildFile section */
		F08BD2181C93259B00A08E87 /* AppDelegate.swift in Sources */ = {isa = PBXBuildFile; fileRef = F08BD2171C93259B00A08E87 /* AppDelegate.swift */; };
		F08BD21A1C93259B00A08E87 /* ViewController.swift in Sources */ = {isa = PBXBuildFile; fileRef = F08BD2191C93259B00A08E87 /* ViewController.swift */; };
		F08BD21D1C93259B00A08E87 /* Main.storyboard in Resources */ = {isa = PBXBuildFile; fileRef = F08BD21B1C93259B00A08E87 /* Main.storyboard */; };
		F08BD21F1C93259B00A08E87 /* Assets.xcassets in Resources */ = {isa = PBXBuildFile; fileRef = F08BD21E1C93259B00A08E87 /* Assets.xcassets */; };
		F08BD2221C93259B00A08E87 /* LaunchScreen.storyboard in Resources */ = {isa = PBXBuildFile; fileRef = F08BD2201C93259B00A08E87 /* LaunchScreen.storyboard */; };
/* End PBXBuildFile section */

/* Begin PBXFileReference section */
		F08BD2141C93259B00A08E87 /* SixWeeks.app */ = {isa = PBXFileReference; explicitFileType = wrapper.application; includeInIndex = 0; path = SixWeeks.app; sourceTree = BUILT_PRODUCTS_DIR; };
		F08BD2171C93259B00A08E87 /* AppDelegate.swift */ = {isa = PBXFileReference; lastKnownFileType = sourcecode.swift; path = AppDelegate.swift; sourceTree = "<group>"; };
		F08BD2191C93259B00A08E87 /* ViewController.swift */ = {isa = PBXFileReference; lastKnownFileType = sourcecode.swift; path = ViewController.swift; sourceTree = "<group>"; };
		F08BD21C1C93259B00A08E87 /* Base */ = {isa = PBXFileReference; lastKnownFileType = file.storyboard; name = Base; path = Base.lproj/Main.storyboard; sourceTree = "<group>"; };
		F08BD21E1C93259B00A08E87 /* Assets.xcassets */ = {isa = PBXFileReference; lastKnownFileType = folder.assetcatalog; path = Assets.xcassets; sourceTree = "<group>"; };
		F08BD2211C93259B00A08E87 /* Base */ = {isa = PBXFileReference; lastKnownFileType = file.storyboard; name = Base; path = Base.lproj/LaunchScreen.storyboard; sourceTree = "<group>"; };
		F08BD2231C93259B00A08E87 /* Info.plist */ = {isa = PBXFileReference; lastKnownFileType = text.plist.xml; path = Info.plist; sourceTree = "<group>"; };
/* End PBXFileReference section */

/* Begin PBXFrameworksBuildPhase section */
		F08BD2111C93259B00A08E87 /* Frameworks */ = {
			isa = PBXFrameworksBuildPhase;
			buildActionMask = 2147483647;
			files = (
			);
			runOnlyForDeploymentPostprocessing = 0;
		};
/* End PBXFrameworksBuildPhase section */

/* Begin PBXGroup section */
		F08BD20B1C93259B00A08E87 = {
			isa = PBXGroup;
			children = (
				F08BD2161C93259B00A08E87 /* SixWeeks */,
				F08BD2151C93259B00A08E87 /* Products */,
			);
			sourceTree = "<group>";
		};
		F08BD2151C93259B00A08E87 /* Products */ = {
			isa = PBXGroup;
			children = (
				F08BD2141C93259B00A08E87 /* SixWeeks.app */,
			);
			name = Products;
			sourceTree = "<group>";
		};
		F08BD2161C93259B00A08E87 /* SixWeeks */ = {
			isa = PBXGroup;
			children = (
				F08BD2171C93259B00A08E87 /* AppDelegate.swift */,
				F08BD2191C93259B00A08E87 /* ViewController.swift */,
				F08BD21B1C93259B00A08E87 /* Main.storyboard */,
				F08BD21E1C93259B00A08E87 /* Assets.xcassets */,
				F08BD2201C93259B00A08E87 /* LaunchScreen.storyboard */,
				F08BD2231C93259B00A08E87 /* Info.plist */,
			);
			path = SixWeeks;
			sourceTree = "<group>";
		};
/* End PBXGroup section */

/* Begin PBXNativeTarget section */
		F08BD2131C93259B00A08E87 /* SixWeeks */ = {
			isa = PBXNativeTarget;
			buildConfigurationList = F08BD2261C93259B00A08E87 /* Build configuration list for PBXNativeTarget "SixWeeks" */;
			buildPhases = (
				F08BD2101C93259B00A08E87 /* Sources */,
				F08BD2111C93259B00A08E87 /* Frameworks */,
				F08BD2121C93259B00A08E87 /* Resources */,
			);
			buildRules = (
			);
			dependencies = (
			);
			name = SixWeeks;
			productName = SixWeeks;
			productReference = F08BD2141C93259B00A08E87 /* SixWeeks.app */;
			productType = "com.apple.product-type.application";
		};
/* End PBXNativeTarget section */

/* Begin PBXProject section */
		F08BD20C1C93259B00A08E87 /* Project object */ = {
			isa = PBXProject;
			attributes = {
				LastSwiftUpdateCheck = 0720;
				LastUpgradeCheck = 0720;
				ORGANIZATIONNAME = "Gibson Smiley";
				TargetAttributes = {
					F08BD2131C93259B00A08E87 = {
						CreatedOnToolsVersion = 7.2.1;
					};
				};
			};
			buildConfigurationList = F08BD20F1C93259B00A08E87 /* Build configuration list for PBXProject "SixWeeks" */;
			compatibilityVersion = "Xcode 3.2";
			developmentRegion = English;
			hasScannedForEncodings = 0;
			knownRegions = (
				en,
				Base,
			);
			mainGroup = F08BD20B1C93259B00A08E87;
			productRefGroup = F08BD2151C93259B00A08E87 /* Products */;
			projectDirPath = "";
			projectRoot = "";
			targets = (
				F08BD2131C93259B00A08E87 /* SixWeeks */,
			);
		};
/* End PBXProject section */

/* Begin PBXResourcesBuildPhase section */
		F08BD2121C93259B00A08E87 /* Resources */ = {
			isa = PBXResourcesBuildPhase;
			buildActionMask = 2147483647;
			files = (
				F08BD2221C93259B00A08E87 /* LaunchScreen.storyboard in Resources */,
				F08BD21F1C93259B00A08E87 /* Assets.xcassets in Resources */,
				F08BD21D1C93259B00A08E87 /* Main.storyboard in Resources */,
			);
			runOnlyForDeploymentPostprocessing = 0;
		};
/* End PBXResourcesBuildPhase section */

/* Begin PBXSourcesBuildPhase section */
		F08BD2101C93259B00A08E87 /* Sources */ = {
			isa = PBXSourcesBuildPhase;
			buildActionMask = 2147483647;
			files = (
				F08BD21A1C93259B00A08E87 /* ViewController.swift in Sources */,
				F08BD2181C93259B00A08E87 /* AppDelegate.swift in Sources */,
			);
			runOnlyForDeploymentPostprocessing = 0;
		};
/* End PBXSourcesBuildPhase section */

/* Begin PBXVariantGroup section */
		F08BD21B1C93259B00A08E87 /* Main.storyboard */ = {
			isa = PBXVariantGroup;
			children = (
				F08BD21C1C93259B00A08E87 /* Base */,
			);
			name = Main.storyboard;
			sourceTree = "<group>";
		};
		F08BD2201C93259B00A08E87 /* LaunchScreen.storyboard */ = {
			isa = PBXVariantGroup;
			children = (
				F08BD2211C93259B00A08E87 /* Base */,
			);
			name = LaunchScreen.storyboard;
			sourceTree = "<group>";
		};
/* End PBXVariantGroup section */

/* Begin XCBuildConfiguration section */
		F08BD2241C93259B00A08E87 /* Debug */ = {
			isa = XCBuildConfiguration;
			buildSettings = {
				ALWAYS_SEARCH_USER_PATHS = NO;
				CLANG_CXX_LANGUAGE_STANDARD = "gnu++0x";
				CLANG_CXX_LIBRARY = "libc++";
				CLANG_ENABLE_MODULES = YES;
				CLANG_ENABLE_OBJC_ARC = YES;
				CLANG_WARN_BOOL_CONVERSION = YES;
				CLANG_WARN_CONSTANT_CONVERSION = YES;
				CLANG_WARN_DIRECT_OBJC_ISA_USAGE = YES_ERROR;
				CLANG_WARN_EMPTY_BODY = YES;
				CLANG_WARN_ENUM_CONVERSION = YES;
				CLANG_WARN_INT_CONVERSION = YES;
				CLANG_WARN_OBJC_ROOT_CLASS = YES_ERROR;
				CLANG_WARN_UNREACHABLE_CODE = YES;
				CLANG_WARN__DUPLICATE_METHOD_MATCH = YES;
				"CODE_SIGN_IDENTITY[sdk=iphoneos*]" = "iPhone Developer";
				COPY_PHASE_STRIP = NO;
				DEBUG_INFORMATION_FORMAT = dwarf;
				ENABLE_STRICT_OBJC_MSGSEND = YES;
				ENABLE_TESTABILITY = YES;
				GCC_C_LANGUAGE_STANDARD = gnu99;
				GCC_DYNAMIC_NO_PIC = NO;
				GCC_NO_COMMON_BLOCKS = YES;
				GCC_OPTIMIZATION_LEVEL = 0;
				GCC_PREPROCESSOR_DEFINITIONS = (
					"DEBUG=1",
					"$(inherited)",
				);
				GCC_WARN_64_TO_32_BIT_CONVERSION = YES;
				GCC_WARN_ABOUT_RETURN_TYPE = YES_ERROR;
				GCC_WARN_UNDECLARED_SELECTOR = YES;
				GCC_WARN_UNINITIALIZED_AUTOS = YES_AGGRESSIVE;
				GCC_WARN_UNUSED_FUNCTION = YES;
				GCC_WARN_UNUSED_VARIABLE = YES;
				IPHONEOS_DEPLOYMENT_TARGET = 9.2;
				MTL_ENABLE_DEBUG_INFO = YES;
				ONLY_ACTIVE_ARCH = YES;
				SDKROOT = iphoneos;
				SWIFT_OPTIMIZATION_LEVEL = "-Onone";
				TARGETED_DEVICE_FAMILY = "1,2";
			};
			name = Debug;
		};
		F08BD2251C93259B00A08E87 /* Release */ = {
			isa = XCBuildConfiguration;
			buildSettings = {
				ALWAYS_SEARCH_USER_PATHS = NO;
				CLANG_CXX_LANGUAGE_STANDARD = "gnu++0x";
				CLANG_CXX_LIBRARY = "libc++";
				CLANG_ENABLE_MODULES = YES;
				CLANG_ENABLE_OBJC_ARC = YES;
				CLANG_WARN_BOOL_CONVERSION = YES;
				CLANG_WARN_CONSTANT_CONVERSION = YES;
				CLANG_WARN_DIRECT_OBJC_ISA_USAGE = YES_ERROR;
				CLANG_WARN_EMPTY_BODY = YES;
				CLANG_WARN_ENUM_CONVERSION = YES;
				CLANG_WARN_INT_CONVERSION = YES;
				CLANG_WARN_OBJC_ROOT_CLASS = YES_ERROR;
				CLANG_WARN_UNREACHABLE_CODE = YES;
				CLANG_WARN__DUPLICATE_METHOD_MATCH = YES;
				"CODE_SIGN_IDENTITY[sdk=iphoneos*]" = "iPhone Developer";
				COPY_PHASE_STRIP = NO;
				DEBUG_INFORMATION_FORMAT = "dwarf-with-dsym";
				ENABLE_NS_ASSERTIONS = NO;
				ENABLE_STRICT_OBJC_MSGSEND = YES;
				GCC_C_LANGUAGE_STANDARD = gnu99;
				GCC_NO_COMMON_BLOCKS = YES;
				GCC_WARN_64_TO_32_BIT_CONVERSION = YES;
				GCC_WARN_ABOUT_RETURN_TYPE = YES_ERROR;
				GCC_WARN_UNDECLARED_SELECTOR = YES;
				GCC_WARN_UNINITIALIZED_AUTOS = YES_AGGRESSIVE;
				GCC_WARN_UNUSED_FUNCTION = YES;
				GCC_WARN_UNUSED_VARIABLE = YES;
				IPHONEOS_DEPLOYMENT_TARGET = 9.2;
				MTL_ENABLE_DEBUG_INFO = NO;
				SDKROOT = iphoneos;
				TARGETED_DEVICE_FAMILY = "1,2";
				VALIDATE_PRODUCT = YES;
			};
			name = Release;
		};
		F08BD2271C93259B00A08E87 /* Debug */ = {
			isa = XCBuildConfiguration;
			buildSettings = {
				ASSETCATALOG_COMPILER_APPICON_NAME = AppIcon;
				INFOPLIST_FILE = SixWeeks/Info.plist;
				LD_RUNPATH_SEARCH_PATHS = "$(inherited) @executable_path/Frameworks";
				PRODUCT_BUNDLE_IDENTIFIER = com.gibsonsmiley.SixWeeks;
				PRODUCT_NAME = "$(TARGET_NAME)";
			};
			name = Debug;
		};
		F08BD2281C93259B00A08E87 /* Release */ = {
			isa = XCBuildConfiguration;
			buildSettings = {
				ASSETCATALOG_COMPILER_APPICON_NAME = AppIcon;
				INFOPLIST_FILE = SixWeeks/Info.plist;
				LD_RUNPATH_SEARCH_PATHS = "$(inherited) @executable_path/Frameworks";
				PRODUCT_BUNDLE_IDENTIFIER = com.gibsonsmiley.SixWeeks;
				PRODUCT_NAME = "$(TARGET_NAME)";
			};
			name = Release;
		};
/* End XCBuildConfiguration section */

/* Begin XCConfigurationList section */
		F08BD20F1C93259B00A08E87 /* Build configuration list for PBXProject "SixWeeks" */ = {
			isa = XCConfigurationList;
			buildConfigurations = (
				F08BD2241C93259B00A08E87 /* Debug */,
				F08BD2251C93259B00A08E87 /* Release */,
			);
			defaultConfigurationIsVisible = 0;
			defaultConfigurationName = Release;
		};
		F08BD2261C93259B00A08E87 /* Build configuration list for PBXNativeTarget "SixWeeks" */ = {
			isa = XCConfigurationList;
			buildConfigurations = (
				F08BD2271C93259B00A08E87 /* Debug */,
				F08BD2281C93259B00A08E87 /* Release */,
			);
			defaultConfigurationIsVisible = 0;
		};
/* End XCConfigurationList section */
	};
	rootObject = F08BD20C1C93259B00A08E87 /* Project object */;
}
